
Microsoft Visual Studio Solution File, Format Version 12.00
# Visual Studio Version 17
VisualStudioVersion = 17.8.34511.84
MinimumVisualStudioVersion = 10.0.40219.1
Project("{9A19103F-16F7-4668-BE54-9A1E7A4F7556}") = "HighLightHtml", "HighLightHtml\HighLightHtml.csproj", "{E02925B6-2E4B-401D-801B-5ED771F2CC6C}"
EndProject
Project("{FAE04EC0-301F-11D3-BF4B-00C04F79EFBC}") = "TestProject", "TestProject\TestProject.csproj", "{671659D1-D4F8-4335-9722-995154138B40}"
EndProject
Global
	GlobalSection(SolutionConfigurationPlatforms) = preSolution
		Debug|Any CPU = Debug|Any CPU
		Release|Any CPU = Release|Any CPU
	EndGlobalSection
	GlobalSection(ProjectConfigurationPlatforms) = postSolution
		{E02925B6-2E4B-401D-801B-5ED771F2CC6C}.Debug|Any CPU.ActiveCfg = Debug|Any CPU
		{E02925B6-2E4B-401D-801B-5ED771F2CC6C}.Debug|Any CPU.Build.0 = Debug|Any CPU
		{E02925B6-2E4B-401D-801B-5ED771F2CC6C}.Release|Any CPU.ActiveCfg = Release|Any CPU
		{E02925B6-2E4B-401D-801B-5ED771F2CC6C}.Release|Any CPU.Build.0 = Release|Any CPU
		{671659D1-D4F8-4335-9722-995154138B40}.Debug|Any CPU.ActiveCfg = Debug|Any CPU
		{671659D1-D4F8-4335-9722-995154138B40}.Debug|Any CPU.Build.0 = Debug|Any CPU
		{671659D1-D4F8-4335-9722-995154138B40}.Release|Any CPU.ActiveCfg = Release|Any CPU
		{671659D1-D4F8-4335-9722-995154138B40}.Release|Any CPU.Build.0 = Release|Any CPU
	EndGlobalSection
	GlobalSection(SolutionProperties) = preSolution
		HideSolutionNode = FALSE
	EndGlobalSection
	GlobalSection(ExtensibilityGlobals) = postSolution
		SolutionGuid = {589BE508-6BAC-4493-ABA8-BE6B11CE2F1C}
	EndGlobalSection
EndGlobal
